schema: '2.0'
stages:
  prepare_dataset:
    cmd: ..\..\venv\Scripts\python.exe ./utils/dataset_test_create.py
    deps:
    - path: utils/dataset_test_create.py
      md5: 23ecc7422f3910282dbe1402cf28388d
      size: 526
    params:
      params.yaml:
        dataset.path_test: D:\datasets\pool\under\dataset_120623
    outs:
    - path: dataset/yolo.yaml
      md5: 2afaa81a040f2bed91f36a2732969284
      size: 123
  prepare_model:
    cmd: ..\..\venv\Scripts\python.exe ./utils/model_create.py
    deps:
    - path: utils/model_create.py
      md5: dcaf36ae6fc35033cdc2e051545cf1ce
      size: 2148
    params:
      params.yaml:
        model_test.name: yolov8m_120623.pt
    outs:
    - path: models/yolov8_under.pt
      md5: fe798f28ebcff42c584c8f9a1281625f
      size: 311009255
  test:
    cmd: ..\..\venv\Scripts\python.exe ./utils/start_test.py --model_path "./models/yolov8_under.pt"
      --data_path "./dataset/yolo.yaml"
    deps:
    - path: dataset/yolo.yaml
      md5: 2afaa81a040f2bed91f36a2732969284
      size: 123
    - path: models/yolov8_under.pt
      md5: fe798f28ebcff42c584c8f9a1281625f
      size: 311009255
    - path: utils/start_test.py
      md5: 3f4bcb62df6ccaa3b51b82b70174ebba
      size: 1507
    outs:
    - path: metrics/metrics.json
      md5: 1f5b8369ec877ae4d516b6899ac6d060
      size: 199
    - path: plots
      md5: 94b6c7de9ec5e4e634fc15665ef5bd09.dir
      size: 920346
      nfiles: 1
